
Microsoft Visual Studio Solution File, Format Version 12.00
# Visual Studio 14
VisualStudioVersion = 14.0.23107.0
MinimumVisualStudioVersion = 10.0.40219.1
Project("{FAE04EC0-301F-11D3-BF4B-00C04F79EFBC}") = "HRPortal", "HRPortalNew\HRPortal.csproj", "{14F0EC86-F5AD-4A0F-B96C-AFB818029FD9}"
EndProject
Project("{FAE04EC0-301F-11D3-BF4B-00C04F79EFBC}") = "HRPortal.Data", "HRPortal.Data\HRPortal.Data.csproj", "{B1B53EAD-7C1A-4B25-86E3-10FA6719F1D8}"
EndProject
Project("{FAE04EC0-301F-11D3-BF4B-00C04F79EFBC}") = "HRPortal.Models", "HRPortal.Models\HRPortal.Models.csproj", "{54365EDA-1328-48C1-A051-781969063716}"
EndProject
Global
	GlobalSection(SolutionConfigurationPlatforms) = preSolution
		Debug|Any CPU = Debug|Any CPU
		Release|Any CPU = Release|Any CPU
	EndGlobalSection
	GlobalSection(ProjectConfigurationPlatforms) = postSolution
		{14F0EC86-F5AD-4A0F-B96C-AFB818029FD9}.Debug|Any CPU.ActiveCfg = Debug|Any CPU
		{14F0EC86-F5AD-4A0F-B96C-AFB818029FD9}.Debug|Any CPU.Build.0 = Debug|Any CPU
		{14F0EC86-F5AD-4A0F-B96C-AFB818029FD9}.Release|Any CPU.ActiveCfg = Release|Any CPU
		{14F0EC86-F5AD-4A0F-B96C-AFB818029FD9}.Release|Any CPU.Build.0 = Release|Any CPU
		{B1B53EAD-7C1A-4B25-86E3-10FA6719F1D8}.Debug|Any CPU.ActiveCfg = Debug|Any CPU
		{B1B53EAD-7C1A-4B25-86E3-10FA6719F1D8}.Debug|Any CPU.Build.0 = Debug|Any CPU
		{B1B53EAD-7C1A-4B25-86E3-10FA6719F1D8}.Release|Any CPU.ActiveCfg = Release|Any CPU
		{B1B53EAD-7C1A-4B25-86E3-10FA6719F1D8}.Release|Any CPU.Build.0 = Release|Any CPU
		{54365EDA-1328-48C1-A051-781969063716}.Debug|Any CPU.ActiveCfg = Debug|Any CPU
		{54365EDA-1328-48C1-A051-781969063716}.Debug|Any CPU.Build.0 = Debug|Any CPU
		{54365EDA-1328-48C1-A051-781969063716}.Release|Any CPU.ActiveCfg = Release|Any CPU
		{54365EDA-1328-48C1-A051-781969063716}.Release|Any CPU.Build.0 = Release|Any CPU
	EndGlobalSection
	GlobalSection(SolutionProperties) = preSolution
		HideSolutionNode = FALSE
	EndGlobalSection
EndGlobal
